<?xml version="1.0" encoding="utf-8"?>
<Project ToolsVersion="4.0" xmlns="http://schemas.microsoft.com/developer/msbuild/2003">
  <ItemGroup>
    <Filter Include="core">
      <UniqueIdentifier>{b5a2491a-0f04-4b55-bc24-bbdd9cd6fc2e}</UniqueIdentifier>
    </Filter>
    <Filter Include="shared">
      <UniqueIdentifier>{ef65ed91-551f-4f5d-b2a9-efc26e1af0f6}</UniqueIdentifier>
    </Filter>
    <Filter Include="core\include">
      <UniqueIdentifier>{93995380-89BD-4b04-88EB-625FBE52EBFB}</UniqueIdentifier>
      <Extensions>h;hh;hpp;hxx;h++;hm;inl;inc;ipp;xsd</Extensions>
    </Filter>
    <Filter Include="shared\include">
      <UniqueIdentifier>{a0165b58-06b1-4b6a-b5d1-5d643517ad14}</UniqueIdentifier>
    </Filter>
    <Filter Include="core\resource">
      <UniqueIdentifier>{35b40ed1-12bd-4bcf-9c05-5a42a0096619}</UniqueIdentifier>
    </Filter>
    <Filter Include="shared\libraries">
      <UniqueIdentifier>{a7199092-e8a9-49fa-97e1-b2d0ea21001b}</UniqueIdentifier>
    </Filter>
    <Filter Include="shared\libraries\spdlog">
      <UniqueIdentifier>{bd5aef1a-dad8-45a0-85f2-82bc8f86bed8}</UniqueIdentifier>
    </Filter>
    <Filter Include="shared\libraries\spdlog\include">
      <UniqueIdentifier>{c947552e-2623-4672-b3fa-3b50fe819628}</UniqueIdentifier>
    </Filter>
    <Filter Include="shared\libraries\spdlog\include\cfg">
      <UniqueIdentifier>{19dd0a10-5185-4b03-9466-693b86a17dff}</UniqueIdentifier>
    </Filter>
    <Filter Include="shared\libraries\spdlog\include\details">
      <UniqueIdentifier>{cb271201-f518-4dc4-9ab4-5d7f6a54c175}</UniqueIdentifier>
    </Filter>
    <Filter Include="shared\libraries\spdlog\include\fmt">
      <UniqueIdentifier>{12259d0c-172a-4a26-a1d4-5d784f4c3d25}</UniqueIdentifier>
    </Filter>
    <Filter Include="shared\libraries\spdlog\include\fmt\bundled">
      <UniqueIdentifier>{13bdf72b-f7c0-4658-9899-932f31d03da7}</UniqueIdentifier>
    </Filter>
    <Filter Include="shared\libraries\spdlog\include\sinks">
      <UniqueIdentifier>{eaefe9b7-d14d-48b6-878a-53a5ada7454b}</UniqueIdentifier>
    </Filter>
    <Filter Include="sdk">
      <UniqueIdentifier>{2d680d34-5f10-4285-8d15-6996603146ab}</UniqueIdentifier>
    </Filter>
    <Filter Include="sdk\include">
      <UniqueIdentifier>{420da7ba-d359-4f60-8fe8-56a6b9b6ded3}</UniqueIdentifier>
    </Filter>
    <Filter Include="hooks">
      <UniqueIdentifier>{22b58a18-d1d7-4e3e-b5de-d9338f3177d3}</UniqueIdentifier>
    </Filter>
    <Filter Include="hooks\iconvar">
      <UniqueIdentifier>{06affed3-5a59-4b95-88ca-72d92c91909b}</UniqueIdentifier>
    </Filter>
    <Filter Include="hooks\concommand">
      <UniqueIdentifier>{0742106d-702f-499e-99f1-e43f2a6ae561}</UniqueIdentifier>
    </Filter>
    <Filter Include="hooks\squirrel">
      <UniqueIdentifier>{74afa89f-72af-4e13-aa90-70f7a1957154}</UniqueIdentifier>
    </Filter>
    <Filter Include="hooks\netchannel">
      <UniqueIdentifier>{05e6e9a7-801b-49b0-9c5a-21c4868befb7}</UniqueIdentifier>
    </Filter>
    <Filter Include="hooks\cappsystemgroup">
      <UniqueIdentifier>{69c268d0-bab8-41b2-be3b-b04b67a6c919}</UniqueIdentifier>
    </Filter>
    <Filter Include="hooks\qhull">
      <UniqueIdentifier>{591694f5-e4b0-46c0-b75b-b58b0b3d628c}</UniqueIdentifier>
    </Filter>
    <Filter Include="hooks\ebisu">
      <UniqueIdentifier>{4c8ab2ee-d889-422c-a1b8-772a48d0e8eb}</UniqueIdentifier>
    </Filter>
    <Filter Include="hooks\system">
      <UniqueIdentifier>{dd8cd058-ead9-400e-9562-de3f7bfb8d5c}</UniqueIdentifier>
    </Filter>
    <Filter Include="hooks\common">
      <UniqueIdentifier>{386716f7-befe-401c-915c-adaed0bb8e2d}</UniqueIdentifier>
    </Filter>
    <Filter Include="hooks\cbasefilesystem">
      <UniqueIdentifier>{87488282-861b-4a01-a379-10b340037394}</UniqueIdentifier>
    </Filter>
    <Filter Include="hooks\cclient">
      <UniqueIdentifier>{57140607-800c-4369-b63b-f4d923e66aa3}</UniqueIdentifier>
    </Filter>
    <Filter Include="hooks\choststate">
      <UniqueIdentifier>{051efbf5-bdbf-450c-a0c2-7e5a4ad4222f}</UniqueIdentifier>
    </Filter>
    <Filter Include="hooks\ckeyvaluessystem">
      <UniqueIdentifier>{df6e26f7-e0e7-4a44-af86-700bdd78cb41}</UniqueIdentifier>
    </Filter>
    <Filter Include="hooks\ivengineserver">
      <UniqueIdentifier>{338a4fb7-7519-4628-9206-679d33824965}</UniqueIdentifier>
    </Filter>
    <Filter Include="hooks\ivengineclient">
      <UniqueIdentifier>{d1c7ccba-2509-40fb-a43e-1281bc4d20a0}</UniqueIdentifier>
    </Filter>
    <Filter Include="hooks\rtech">
      <UniqueIdentifier>{b73d3995-6d27-4595-a268-14fd6c43c437}</UniqueIdentifier>
    </Filter>
    <Filter Include="hooks\cbaseclient">
      <UniqueIdentifier>{9f51f1bd-ae36-4143-88b7-c9a5680e13d8}</UniqueIdentifier>
    </Filter>
  </ItemGroup>
  <ItemGroup>
    <ClInclude Include="..\shared\include\utility.h">
      <Filter>shared\include</Filter>
    </ClInclude>
    <ClInclude Include="console.h">
      <Filter>core\include</Filter>
    </ClInclude>
    <ClInclude Include="CNetChan.h">
      <Filter>hooks\netchannel</Filter>
    </ClInclude>
    <ClInclude Include="stdafx.h">
      <Filter>core\include</Filter>
    </ClInclude>
    <ClInclude Include="ConCommand.h">
      <Filter>hooks\concommand</Filter>
    </ClInclude>
    <ClInclude Include="sqvm.h">
      <Filter>hooks\squirrel</Filter>
    </ClInclude>
    <ClInclude Include="hooks.h">
      <Filter>hooks</Filter>
    </ClInclude>
    <ClInclude Include="dllmain.h">
      <Filter>core\include</Filter>
    </ClInclude>
    <ClInclude Include="IConVar.h">
      <Filter>hooks\iconvar</Filter>
    </ClInclude>
    <ClInclude Include="..\external\spdlog\include\async.h">
      <Filter>shared\libraries\spdlog\include</Filter>
    </ClInclude>
    <ClInclude Include="..\external\spdlog\include\async_logger-inl.h">
      <Filter>shared\libraries\spdlog\include</Filter>
    </ClInclude>
    <ClInclude Include="..\external\spdlog\include\async_logger.h">
      <Filter>shared\libraries\spdlog\include</Filter>
    </ClInclude>
    <ClInclude Include="..\external\spdlog\include\common-inl.h">
      <Filter>shared\libraries\spdlog\include</Filter>
    </ClInclude>
    <ClInclude Include="..\external\spdlog\include\common.h">
      <Filter>shared\libraries\spdlog\include</Filter>
    </ClInclude>
    <ClInclude Include="..\external\spdlog\include\formatter.h">
      <Filter>shared\libraries\spdlog\include</Filter>
    </ClInclude>
    <ClInclude Include="..\external\spdlog\include\fwd.h">
      <Filter>shared\libraries\spdlog\include</Filter>
    </ClInclude>
    <ClInclude Include="..\external\spdlog\include\logger-inl.h">
      <Filter>shared\libraries\spdlog\include</Filter>
    </ClInclude>
    <ClInclude Include="..\external\spdlog\include\logger.h">
      <Filter>shared\libraries\spdlog\include</Filter>
    </ClInclude>
    <ClInclude Include="..\external\spdlog\include\pattern_formatter-inl.h">
      <Filter>shared\libraries\spdlog\include</Filter>
    </ClInclude>
    <ClInclude Include="..\external\spdlog\include\pattern_formatter.h">
      <Filter>shared\libraries\spdlog\include</Filter>
    </ClInclude>
    <ClInclude Include="..\external\spdlog\include\spdlog-inl.h">
      <Filter>shared\libraries\spdlog\include</Filter>
    </ClInclude>
    <ClInclude Include="..\external\spdlog\include\spdlog.h">
      <Filter>shared\libraries\spdlog\include</Filter>
    </ClInclude>
    <ClInclude Include="..\external\spdlog\include\stopwatch.h">
      <Filter>shared\libraries\spdlog\include</Filter>
    </ClInclude>
    <ClInclude Include="..\external\spdlog\include\tweakme.h">
      <Filter>shared\libraries\spdlog\include</Filter>
    </ClInclude>
    <ClInclude Include="..\external\spdlog\include\version.h">
      <Filter>shared\libraries\spdlog\include</Filter>
    </ClInclude>
    <ClInclude Include="..\external\spdlog\include\cfg\argv.h">
      <Filter>shared\libraries\spdlog\include\cfg</Filter>
    </ClInclude>
    <ClInclude Include="..\external\spdlog\include\cfg\env.h">
      <Filter>shared\libraries\spdlog\include\cfg</Filter>
    </ClInclude>
    <ClInclude Include="..\external\spdlog\include\cfg\helpers-inl.h">
      <Filter>shared\libraries\spdlog\include\cfg</Filter>
    </ClInclude>
    <ClInclude Include="..\external\spdlog\include\cfg\helpers.h">
      <Filter>shared\libraries\spdlog\include\cfg</Filter>
    </ClInclude>
    <ClInclude Include="..\external\spdlog\include\details\backtracer-inl.h">
      <Filter>shared\libraries\spdlog\include\details</Filter>
    </ClInclude>
    <ClInclude Include="..\external\spdlog\include\details\backtracer.h">
      <Filter>shared\libraries\spdlog\include\details</Filter>
    </ClInclude>
    <ClInclude Include="..\external\spdlog\include\details\circular_q.h">
      <Filter>shared\libraries\spdlog\include\details</Filter>
    </ClInclude>
    <ClInclude Include="..\external\spdlog\include\details\console_globals.h">
      <Filter>shared\libraries\spdlog\include\details</Filter>
    </ClInclude>
    <ClInclude Include="..\external\spdlog\include\details\file_helper-inl.h">
      <Filter>shared\libraries\spdlog\include\details</Filter>
    </ClInclude>
    <ClInclude Include="..\external\spdlog\include\details\file_helper.h">
      <Filter>shared\libraries\spdlog\include\details</Filter>
    </ClInclude>
    <ClInclude Include="..\external\spdlog\include\details\fmt_helper.h">
      <Filter>shared\libraries\spdlog\include\details</Filter>
    </ClInclude>
    <ClInclude Include="..\external\spdlog\include\details\log_msg-inl.h">
      <Filter>shared\libraries\spdlog\include\details</Filter>
    </ClInclude>
    <ClInclude Include="..\external\spdlog\include\details\log_msg.h">
      <Filter>shared\libraries\spdlog\include\details</Filter>
    </ClInclude>
    <ClInclude Include="..\external\spdlog\include\details\log_msg_buffer-inl.h">
      <Filter>shared\libraries\spdlog\include\details</Filter>
    </ClInclude>
    <ClInclude Include="..\external\spdlog\include\details\log_msg_buffer.h">
      <Filter>shared\libraries\spdlog\include\details</Filter>
    </ClInclude>
    <ClInclude Include="..\external\spdlog\include\details\mpmc_blocking_q.h">
      <Filter>shared\libraries\spdlog\include\details</Filter>
    </ClInclude>
    <ClInclude Include="..\external\spdlog\include\details\null_mutex.h">
      <Filter>shared\libraries\spdlog\include\details</Filter>
    </ClInclude>
    <ClInclude Include="..\external\spdlog\include\details\os-inl.h">
      <Filter>shared\libraries\spdlog\include\details</Filter>
    </ClInclude>
    <ClInclude Include="..\external\spdlog\include\details\os.h">
      <Filter>shared\libraries\spdlog\include\details</Filter>
    </ClInclude>
    <ClInclude Include="..\external\spdlog\include\details\periodic_worker-inl.h">
      <Filter>shared\libraries\spdlog\include\details</Filter>
    </ClInclude>
    <ClInclude Include="..\external\spdlog\include\details\periodic_worker.h">
      <Filter>shared\libraries\spdlog\include\details</Filter>
    </ClInclude>
    <ClInclude Include="..\external\spdlog\include\details\registry-inl.h">
      <Filter>shared\libraries\spdlog\include\details</Filter>
    </ClInclude>
    <ClInclude Include="..\external\spdlog\include\details\registry.h">
      <Filter>shared\libraries\spdlog\include\details</Filter>
    </ClInclude>
    <ClInclude Include="..\external\spdlog\include\details\synchronous_factory.h">
      <Filter>shared\libraries\spdlog\include\details</Filter>
    </ClInclude>
    <ClInclude Include="..\external\spdlog\include\details\tcp_client-windows.h">
      <Filter>shared\libraries\spdlog\include\details</Filter>
    </ClInclude>
    <ClInclude Include="..\external\spdlog\include\details\tcp_client.h">
      <Filter>shared\libraries\spdlog\include\details</Filter>
    </ClInclude>
    <ClInclude Include="..\external\spdlog\include\details\thread_pool-inl.h">
      <Filter>shared\libraries\spdlog\include\details</Filter>
    </ClInclude>
    <ClInclude Include="..\external\spdlog\include\details\thread_pool.h">
      <Filter>shared\libraries\spdlog\include\details</Filter>
    </ClInclude>
    <ClInclude Include="..\external\spdlog\include\details\windows_include.h">
      <Filter>shared\libraries\spdlog\include\details</Filter>
    </ClInclude>
    <ClInclude Include="..\external\spdlog\include\fmt\bin_to_hex.h">
      <Filter>shared\libraries\spdlog\include\fmt</Filter>
    </ClInclude>
    <ClInclude Include="..\external\spdlog\include\fmt\chrono.h">
      <Filter>shared\libraries\spdlog\include\fmt</Filter>
    </ClInclude>
    <ClInclude Include="..\external\spdlog\include\fmt\fmt.h">
      <Filter>shared\libraries\spdlog\include\fmt</Filter>
    </ClInclude>
    <ClInclude Include="..\external\spdlog\include\fmt\ostr.h">
      <Filter>shared\libraries\spdlog\include\fmt</Filter>
    </ClInclude>
    <ClInclude Include="..\external\spdlog\include\fmt\xchar.h">
      <Filter>shared\libraries\spdlog\include\fmt</Filter>
    </ClInclude>
    <ClInclude Include="..\external\spdlog\include\fmt\bundled\args.h">
      <Filter>shared\libraries\spdlog\include\fmt\bundled</Filter>
    </ClInclude>
    <ClInclude Include="..\external\spdlog\include\fmt\bundled\chrono.h">
      <Filter>shared\libraries\spdlog\include\fmt\bundled</Filter>
    </ClInclude>
    <ClInclude Include="..\external\spdlog\include\fmt\bundled\color.h">
      <Filter>shared\libraries\spdlog\include\fmt\bundled</Filter>
    </ClInclude>
    <ClInclude Include="..\external\spdlog\include\fmt\bundled\compile.h">
      <Filter>shared\libraries\spdlog\include\fmt\bundled</Filter>
    </ClInclude>
    <ClInclude Include="..\external\spdlog\include\fmt\bundled\core.h">
      <Filter>shared\libraries\spdlog\include\fmt\bundled</Filter>
    </ClInclude>
    <ClInclude Include="..\external\spdlog\include\fmt\bundled\format-inl.h">
      <Filter>shared\libraries\spdlog\include\fmt\bundled</Filter>
    </ClInclude>
    <ClInclude Include="..\external\spdlog\include\fmt\bundled\format.h">
      <Filter>shared\libraries\spdlog\include\fmt\bundled</Filter>
    </ClInclude>
    <ClInclude Include="..\external\spdlog\include\fmt\bundled\locale.h">
      <Filter>shared\libraries\spdlog\include\fmt\bundled</Filter>
    </ClInclude>
    <ClInclude Include="..\external\spdlog\include\fmt\bundled\os.h">
      <Filter>shared\libraries\spdlog\include\fmt\bundled</Filter>
    </ClInclude>
    <ClInclude Include="..\external\spdlog\include\fmt\bundled\ostream.h">
      <Filter>shared\libraries\spdlog\include\fmt\bundled</Filter>
    </ClInclude>
    <ClInclude Include="..\external\spdlog\include\fmt\bundled\printf.h">
      <Filter>shared\libraries\spdlog\include\fmt\bundled</Filter>
    </ClInclude>
    <ClInclude Include="..\external\spdlog\include\fmt\bundled\ranges.h">
      <Filter>shared\libraries\spdlog\include\fmt\bundled</Filter>
    </ClInclude>
    <ClInclude Include="..\external\spdlog\include\fmt\bundled\xchar.h">
      <Filter>shared\libraries\spdlog\include\fmt\bundled</Filter>
    </ClInclude>
    <ClInclude Include="..\external\spdlog\include\sinks\android_sink.h">
      <Filter>shared\libraries\spdlog\include\sinks</Filter>
    </ClInclude>
    <ClInclude Include="..\external\spdlog\include\sinks\ansicolor_sink-inl.h">
      <Filter>shared\libraries\spdlog\include\sinks</Filter>
    </ClInclude>
    <ClInclude Include="..\external\spdlog\include\sinks\ansicolor_sink.h">
      <Filter>shared\libraries\spdlog\include\sinks</Filter>
    </ClInclude>
    <ClInclude Include="..\external\spdlog\include\sinks\base_sink-inl.h">
      <Filter>shared\libraries\spdlog\include\sinks</Filter>
    </ClInclude>
    <ClInclude Include="..\external\spdlog\include\sinks\base_sink.h">
      <Filter>shared\libraries\spdlog\include\sinks</Filter>
    </ClInclude>
    <ClInclude Include="..\external\spdlog\include\sinks\basic_file_sink-inl.h">
      <Filter>shared\libraries\spdlog\include\sinks</Filter>
    </ClInclude>
    <ClInclude Include="..\external\spdlog\include\sinks\basic_file_sink.h">
      <Filter>shared\libraries\spdlog\include\sinks</Filter>
    </ClInclude>
    <ClInclude Include="..\external\spdlog\include\sinks\daily_file_sink.h">
      <Filter>shared\libraries\spdlog\include\sinks</Filter>
    </ClInclude>
    <ClInclude Include="..\external\spdlog\include\sinks\dist_sink.h">
      <Filter>shared\libraries\spdlog\include\sinks</Filter>
    </ClInclude>
    <ClInclude Include="..\external\spdlog\include\sinks\dup_filter_sink.h">
      <Filter>shared\libraries\spdlog\include\sinks</Filter>
    </ClInclude>
    <ClInclude Include="..\external\spdlog\include\sinks\hourly_file_sink.h">
      <Filter>shared\libraries\spdlog\include\sinks</Filter>
    </ClInclude>
    <ClInclude Include="..\external\spdlog\include\sinks\mongo_sink.h">
      <Filter>shared\libraries\spdlog\include\sinks</Filter>
    </ClInclude>
    <ClInclude Include="..\external\spdlog\include\sinks\msvc_sink.h">
      <Filter>shared\libraries\spdlog\include\sinks</Filter>
    </ClInclude>
    <ClInclude Include="..\external\spdlog\include\sinks\null_sink.h">
      <Filter>shared\libraries\spdlog\include\sinks</Filter>
    </ClInclude>
    <ClInclude Include="..\external\spdlog\include\sinks\ostream_sink.h">
      <Filter>shared\libraries\spdlog\include\sinks</Filter>
    </ClInclude>
    <ClInclude Include="..\external\spdlog\include\sinks\qt_sinks.h">
      <Filter>shared\libraries\spdlog\include\sinks</Filter>
    </ClInclude>
    <ClInclude Include="..\external\spdlog\include\sinks\ringbuffer_sink.h">
      <Filter>shared\libraries\spdlog\include\sinks</Filter>
    </ClInclude>
    <ClInclude Include="..\external\spdlog\include\sinks\rotating_file_sink-inl.h">
      <Filter>shared\libraries\spdlog\include\sinks</Filter>
    </ClInclude>
    <ClInclude Include="..\external\spdlog\include\sinks\rotating_file_sink.h">
      <Filter>shared\libraries\spdlog\include\sinks</Filter>
    </ClInclude>
    <ClInclude Include="..\external\spdlog\include\sinks\sink-inl.h">
      <Filter>shared\libraries\spdlog\include\sinks</Filter>
    </ClInclude>
    <ClInclude Include="..\external\spdlog\include\sinks\sink.h">
      <Filter>shared\libraries\spdlog\include\sinks</Filter>
    </ClInclude>
    <ClInclude Include="..\external\spdlog\include\sinks\stdout_color_sinks-inl.h">
      <Filter>shared\libraries\spdlog\include\sinks</Filter>
    </ClInclude>
    <ClInclude Include="..\external\spdlog\include\sinks\stdout_color_sinks.h">
      <Filter>shared\libraries\spdlog\include\sinks</Filter>
    </ClInclude>
    <ClInclude Include="..\external\spdlog\include\sinks\stdout_sinks-inl.h">
      <Filter>shared\libraries\spdlog\include\sinks</Filter>
    </ClInclude>
    <ClInclude Include="..\external\spdlog\include\sinks\stdout_sinks.h">
      <Filter>shared\libraries\spdlog\include\sinks</Filter>
    </ClInclude>
    <ClInclude Include="..\external\spdlog\include\sinks\syslog_sink.h">
      <Filter>shared\libraries\spdlog\include\sinks</Filter>
    </ClInclude>
    <ClInclude Include="..\external\spdlog\include\sinks\systemd_sink.h">
      <Filter>shared\libraries\spdlog\include\sinks</Filter>
    </ClInclude>
    <ClInclude Include="..\external\spdlog\include\sinks\tcp_sink.h">
      <Filter>shared\libraries\spdlog\include\sinks</Filter>
    </ClInclude>
    <ClInclude Include="..\external\spdlog\include\sinks\wincolor_sink-inl.h">
      <Filter>shared\libraries\spdlog\include\sinks</Filter>
    </ClInclude>
    <ClInclude Include="..\external\spdlog\include\sinks\wincolor_sink.h">
      <Filter>shared\libraries\spdlog\include\sinks</Filter>
    </ClInclude>
    <ClInclude Include="..\external\spdlog\include\sinks\win_eventlog_sink.h">
      <Filter>shared\libraries\spdlog\include\sinks</Filter>
    </ClInclude>
    <ClInclude Include="IAppSystem.h">
      <Filter>hooks\cappsystemgroup</Filter>
    </ClInclude>
    <ClInclude Include="QHull.h">
      <Filter>hooks\qhull</Filter>
    </ClInclude>
    <ClInclude Include="EbisuSDK.h">
      <Filter>hooks\ebisu</Filter>
    </ClInclude>
    <ClInclude Include="..\shared\include\address.h">
      <Filter>shared\include</Filter>
    </ClInclude>
    <ClInclude Include="..\shared\include\banlist.h">
      <Filter>shared\include</Filter>
    </ClInclude>
    <ClInclude Include="..\shared\include\httplib.h">
      <Filter>shared\include</Filter>
    </ClInclude>
    <ClInclude Include="..\shared\include\json.hpp">
      <Filter>shared\include</Filter>
    </ClInclude>
    <ClInclude Include="mathlib.h">
      <Filter>hooks\common</Filter>
    </ClInclude>
    <ClInclude Include="protocol.h">
      <Filter>hooks\common</Filter>
    </ClInclude>
    <ClInclude Include="basetypes.h">
      <Filter>hooks\common</Filter>
    </ClInclude>
    <ClInclude Include="interfaces.h">
      <Filter>hooks\common</Filter>
    </ClInclude>
    <ClInclude Include="basefilesystem.h">
      <Filter>hooks\cbasefilesystem</Filter>
    </ClInclude>
    <ClInclude Include="CClient.h">
      <Filter>hooks\cclient</Filter>
    </ClInclude>
    <ClInclude Include="CHostState.h">
      <Filter>hooks\choststate</Filter>
    </ClInclude>
    <ClInclude Include="CKeyValuesSystem.h">
      <Filter>hooks\ckeyvaluessystem</Filter>
    </ClInclude>
    <ClInclude Include="IVEngineServer.h">
      <Filter>hooks\ivengineserver</Filter>
    </ClInclude>
    <ClInclude Include="IVEngineClient.h">
      <Filter>hooks\ivengineclient</Filter>
    </ClInclude>
    <ClInclude Include="rtech.h">
      <Filter>hooks\rtech</Filter>
    </ClInclude>
    <ClInclude Include="opcodes.h">
      <Filter>hooks</Filter>
    </ClInclude>
    <ClInclude Include="sys_dll.h">
      <Filter>hooks\system</Filter>
    </ClInclude>
    <ClInclude Include="sys_utils.h">
      <Filter>hooks\system</Filter>
    </ClInclude>
    <ClInclude Include="ConCommandCallback.h">
      <Filter>hooks\concommand</Filter>
    </ClInclude>
    <ClInclude Include="logdef.h">
      <Filter>core\include</Filter>
    </ClInclude>
    <ClInclude Include="..\shared\include\bansystem.h">
      <Filter>shared\include</Filter>
    </ClInclude>
    <ClInclude Include="classes.h">
      <Filter>core\include</Filter>
    </ClInclude>
    <ClInclude Include="CBaseClient.h">
      <Filter>hooks\cbaseclient</Filter>
    </ClInclude>
    <ClInclude Include="sqapi.h">
      <Filter>hooks\squirrel</Filter>
    </ClInclude>
  </ItemGroup>
  <ItemGroup>
    <ClCompile Include="console.cpp">
      <Filter>core</Filter>
    </ClCompile>
    <ClCompile Include="dllmain.cpp">
      <Filter>core</Filter>
    </ClCompile>
    <ClCompile Include="stdafx.cpp">
      <Filter>core</Filter>
    </ClCompile>
    <ClCompile Include="hooks.cpp">
      <Filter>hooks</Filter>
    </ClCompile>
    <ClCompile Include="CNetChan.cpp">
      <Filter>hooks\netchannel</Filter>
    </ClCompile>
    <ClCompile Include="ConCommand.cpp">
      <Filter>hooks\concommand</Filter>
    </ClCompile>
    <ClCompile Include="sqvm.cpp">
      <Filter>hooks\squirrel</Filter>
    </ClCompile>
    <ClCompile Include="IConVar.cpp">
      <Filter>hooks\iconvar</Filter>
    </ClCompile>
    <ClCompile Include="..\shared\utility.cpp">
      <Filter>shared</Filter>
    </ClCompile>
    <ClCompile Include="IAppSystem.cpp">
      <Filter>hooks\cappsystemgroup</Filter>
    </ClCompile>
    <ClCompile Include="QHull.cpp">
      <Filter>hooks\qhull</Filter>
    </ClCompile>
    <ClCompile Include="EbisuSDK.cpp">
      <Filter>hooks\ebisu</Filter>
    </ClCompile>
    <ClCompile Include="basefilesystem.cpp">
      <Filter>hooks\cbasefilesystem</Filter>
    </ClCompile>
    <ClCompile Include="CClient.cpp">
      <Filter>hooks\cclient</Filter>
    </ClCompile>
    <ClCompile Include="CHostState.cpp">
      <Filter>hooks\choststate</Filter>
    </ClCompile>
    <ClCompile Include="CKeyValuesSystem.cpp">
      <Filter>hooks\ckeyvaluessystem</Filter>
    </ClCompile>
    <ClCompile Include="IVEngineServer.cpp">
      <Filter>hooks\ivengineserver</Filter>
    </ClCompile>
    <ClCompile Include="IVEngineClient.cpp">
      <Filter>hooks\ivengineclient</Filter>
    </ClCompile>
    <ClCompile Include="rtech.cpp">
      <Filter>hooks\rtech</Filter>
    </ClCompile>
    <ClCompile Include="opcodes.cpp">
      <Filter>hooks</Filter>
    </ClCompile>
    <ClCompile Include="sys_utils.cpp">
      <Filter>hooks\system</Filter>
    </ClCompile>
    <ClCompile Include="sys_dll.cpp">
      <Filter>hooks\system</Filter>
    </ClCompile>
    <ClCompile Include="ConCommandCallback.cpp">
      <Filter>hooks\concommand</Filter>
    </ClCompile>
    <ClCompile Include="..\shared\bansystem.cpp">
      <Filter>shared</Filter>
    </ClCompile>
    <ClCompile Include="classes.cpp">
      <Filter>core</Filter>
    </ClCompile>
    <ClCompile Include="CBaseClient.cpp">
      <Filter>hooks\cbaseclient</Filter>
    </ClCompile>
    <ClCompile Include="sqapi.cpp">
      <Filter>hooks\squirrel</Filter>
    </ClCompile>
  </ItemGroup>
  <ItemGroup>
    <None Include="r5dedicated.def">
      <Filter>core\resource</Filter>
    </None>
  </ItemGroup>
</Project>