<?xml version="1.0" encoding="utf-8"?>
<Project ToolsVersion="4.0" xmlns="http://schemas.microsoft.com/developer/msbuild/2003">
  <ItemGroup>
    <Filter Include="shared">
      <UniqueIdentifier>{cbd3882c-cc07-484d-a793-5f0179c80190}</UniqueIdentifier>
    </Filter>
    <Filter Include="shared\include">
      <UniqueIdentifier>{fc3629e4-8c39-4d1d-beb5-a788dfb961fb}</UniqueIdentifier>
    </Filter>
    <Filter Include="core">
      <UniqueIdentifier>{4500088a-e3cb-4322-a92b-a0fba4562612}</UniqueIdentifier>
    </Filter>
    <Filter Include="shared\libraries">
      <UniqueIdentifier>{af477348-bdb7-4cdb-88a4-b2670df3c1bf}</UniqueIdentifier>
    </Filter>
    <Filter Include="shared\libraries\detours">
      <UniqueIdentifier>{928b078c-84d6-4d9c-b76a-fd4456c168c5}</UniqueIdentifier>
    </Filter>
    <Filter Include="shared\libraries\imgui">
      <UniqueIdentifier>{c9440117-54eb-476b-b744-cee43bc36067}</UniqueIdentifier>
    </Filter>
    <Filter Include="shared\libraries\spdlLog">
      <UniqueIdentifier>{729f571d-afe4-46c2-9004-9b564fdd88a5}</UniqueIdentifier>
    </Filter>
    <Filter Include="core\include">
      <UniqueIdentifier>{5c930816-2b98-4467-8e7a-7b3511de558e}</UniqueIdentifier>
    </Filter>
    <Filter Include="shared\libraries\imgui\include">
      <UniqueIdentifier>{c71b3018-aefd-4b8c-9554-7e51c7ab4266}</UniqueIdentifier>
    </Filter>
    <Filter Include="shared\libraries\spdlLog\include">
      <UniqueIdentifier>{a9d6b391-5684-4b51-a84c-e47efe56e4db}</UniqueIdentifier>
    </Filter>
    <Filter Include="shared\libraries\spdlLog\include\cfg">
      <UniqueIdentifier>{1b64cedb-12f7-4c9f-b02b-e818ef60be80}</UniqueIdentifier>
    </Filter>
    <Filter Include="shared\libraries\spdlLog\include\details">
      <UniqueIdentifier>{b69eaebb-39e3-4791-afc1-997fd0be6582}</UniqueIdentifier>
    </Filter>
    <Filter Include="shared\libraries\spdlLog\include\fmt">
      <UniqueIdentifier>{e5975453-941b-4665-8a62-0ddadf02010e}</UniqueIdentifier>
    </Filter>
    <Filter Include="shared\libraries\spdlLog\include\fmt\bundled">
      <UniqueIdentifier>{300eb574-06a4-4bec-8334-24688f13a37e}</UniqueIdentifier>
    </Filter>
    <Filter Include="shared\libraries\spdlLog\include\sinks">
      <UniqueIdentifier>{8ff1c26c-9fb6-46b0-af1b-a6ebda386f70}</UniqueIdentifier>
    </Filter>
    <Filter Include="shared\libraries\detours\include">
      <UniqueIdentifier>{f1341f6e-5fa3-4a5a-be3a-058dd8c3be3b}</UniqueIdentifier>
    </Filter>
    <Filter Include="overlay">
      <UniqueIdentifier>{9f16f4c2-a76e-47c7-b58a-1b83e633db34}</UniqueIdentifier>
    </Filter>
    <Filter Include="overlay\include">
      <UniqueIdentifier>{10006923-9236-46b2-8d40-96ba6304edba}</UniqueIdentifier>
    </Filter>
    <Filter Include="core\include\resource">
      <UniqueIdentifier>{67DA6AB6-F800-4c08-8B7A-83BB121AAD01}</UniqueIdentifier>
      <Extensions>rc;ico;cur;bmp;dlg;rc2;rct;bin;rgs;gif;jpg;jpeg;jpe;resx;tiff;tif;png;wav;mfcribbon-ms</Extensions>
    </Filter>
    <Filter Include="sdk">
      <UniqueIdentifier>{b4ae4a4a-47b6-4a31-8ad7-3e8800053635}</UniqueIdentifier>
    </Filter>
    <Filter Include="sdk\client">
      <UniqueIdentifier>{582a5afe-562e-45d7-90f1-bf6cbb6b8061}</UniqueIdentifier>
    </Filter>
    <Filter Include="sdk\client\CBaseClient">
      <UniqueIdentifier>{4b4bc688-32f5-42e3-b7de-93ac27c2c142}</UniqueIdentifier>
    </Filter>
    <Filter Include="sdk\ebisu">
      <UniqueIdentifier>{40e329ba-f4d2-49b1-98e4-db5d48cf1e02}</UniqueIdentifier>
    </Filter>
    <Filter Include="sdk\engine">
      <UniqueIdentifier>{5f2aed43-7f31-417e-82cf-86f89e84bbb2}</UniqueIdentifier>
    </Filter>
    <Filter Include="sdk\launcher">
      <UniqueIdentifier>{9a4ec621-311a-4ddd-aa94-2f998ccacea4}</UniqueIdentifier>
    </Filter>
    <Filter Include="sdk\launcher\CSourceAppSystemGroup">
      <UniqueIdentifier>{a79fc4c3-e157-4d91-9645-121b4b8ad081}</UniqueIdentifier>
    </Filter>
    <Filter Include="sdk\public">
      <UniqueIdentifier>{101c639f-938b-4591-84a3-0b93257197b5}</UniqueIdentifier>
    </Filter>
    <Filter Include="sdk\qhull">
      <UniqueIdentifier>{ce407f36-881a-46ac-a054-85d4f78da775}</UniqueIdentifier>
    </Filter>
    <Filter Include="sdk\rtech">
      <UniqueIdentifier>{9f227a1d-3e97-4f4c-92f0-85fa6fea32dd}</UniqueIdentifier>
    </Filter>
    <Filter Include="sdk\squirrel">
      <UniqueIdentifier>{b6baffa1-eb5f-4e85-876e-4dd446715d2d}</UniqueIdentifier>
    </Filter>
    <Filter Include="sdk\system">
      <UniqueIdentifier>{e355ddfd-817c-42fe-b71c-12b8aaf7184d}</UniqueIdentifier>
    </Filter>
    <Filter Include="sdk\vgui">
      <UniqueIdentifier>{859c014c-b97a-4f75-b974-2a5e64fc56c1}</UniqueIdentifier>
    </Filter>
    <Filter Include="sdk\vpc">
      <UniqueIdentifier>{e5da48b7-0548-4baf-a4fe-5614ffa2045b}</UniqueIdentifier>
    </Filter>
    <Filter Include="sdk\vpc\CBaseFileSystem">
      <UniqueIdentifier>{db951fe0-860d-41f7-a5d7-1edf014050ab}</UniqueIdentifier>
    </Filter>
    <Filter Include="sdk\winapi">
      <UniqueIdentifier>{d2a05174-98cb-4293-9c31-fc9e6c4a2a04}</UniqueIdentifier>
    </Filter>
    <Filter Include="sdk\client\CClient">
      <UniqueIdentifier>{67653653-0e4c-4f69-bb60-59db514b976f}</UniqueIdentifier>
    </Filter>
    <Filter Include="sdk\client\CHLClient">
      <UniqueIdentifier>{c1be0e46-773d-4136-893f-ec9400502580}</UniqueIdentifier>
    </Filter>
    <Filter Include="sdk\engine\CHostState">
      <UniqueIdentifier>{a1bb43b6-d6e5-4489-b7df-ea8e33f04677}</UniqueIdentifier>
    </Filter>
    <Filter Include="sdk\engine\CInputSystem">
      <UniqueIdentifier>{02ee1b76-c254-4269-84d0-71733bd04485}</UniqueIdentifier>
    </Filter>
    <Filter Include="sdk\engine\CKeyValuessystem">
      <UniqueIdentifier>{be01bc43-0117-4408-afcb-f46a8caf14db}</UniqueIdentifier>
    </Filter>
    <Filter Include="sdk\engine\CNetChan">
      <UniqueIdentifier>{94e61515-efb5-4c74-9689-4f6ea50fc7c5}</UniqueIdentifier>
    </Filter>
    <Filter Include="sdk\engine\ConCommand">
      <UniqueIdentifier>{fa0398e4-08a1-4c4f-931d-5f543be7236f}</UniqueIdentifier>
    </Filter>
    <Filter Include="sdk\engine\IConVar">
      <UniqueIdentifier>{e43e352b-3b39-4b42-aa0f-a402c313d351}</UniqueIdentifier>
    </Filter>
    <Filter Include="sdk\public\IVEngineClient">
      <UniqueIdentifier>{e3f429b9-1d6b-4dd4-81d4-15067dbb7beb}</UniqueIdentifier>
    </Filter>
    <Filter Include="sdk\public\IVEngineServer">
      <UniqueIdentifier>{b6637f11-aadd-4197-9c7b-663c4c0a0df6}</UniqueIdentifier>
    </Filter>
    <Filter Include="sdk\public\Common">
      <UniqueIdentifier>{9aae9e20-a28d-4e5c-a68a-04ba4441e401}</UniqueIdentifier>
    </Filter>
    <Filter Include="sdk\client\CClientState">
      <UniqueIdentifier>{9c40bf21-4533-4066-bd96-0dff3ce96f19}</UniqueIdentifier>
    </Filter>
    <Filter Include="sdk\stryder">
      <UniqueIdentifier>{b96b2e83-a799-48f9-b10c-05314b04b1cc}</UniqueIdentifier>
    </Filter>
  </ItemGroup>
  <ItemGroup>
    <ClCompile Include="..\shared\utility.cpp">
      <Filter>shared</Filter>
    </ClCompile>
    <ClCompile Include="ConCommand.cpp">
      <Filter>sdk\engine\ConCommand</Filter>
    </ClCompile>
    <ClCompile Include="console.cpp">
      <Filter>core</Filter>
    </ClCompile>
    <ClCompile Include="IConVar.cpp">
      <Filter>sdk\engine\IConVar</Filter>
    </ClCompile>
    <ClCompile Include="dllmain.cpp">
      <Filter>core</Filter>
    </ClCompile>
    <ClCompile Include="IVEngineServer.cpp">
      <Filter>sdk\public\IVEngineServer</Filter>
    </ClCompile>
    <ClCompile Include="CNetChan.cpp">
      <Filter>sdk\engine\CNetChan</Filter>
    </ClCompile>
    <ClCompile Include="sqvm.cpp">
      <Filter>sdk\squirrel</Filter>
    </ClCompile>
    <ClCompile Include="stdafx.cpp">
      <Filter>core</Filter>
    </ClCompile>
    <ClCompile Include="id3dx.cpp">
      <Filter>core</Filter>
    </ClCompile>
    <ClCompile Include="input.cpp">
      <Filter>sdk\winapi</Filter>
    </ClCompile>
    <ClCompile Include="..\external\imgui\src\imgui_widgets.cpp">
      <Filter>shared\libraries\imgui</Filter>
    </ClCompile>
    <ClCompile Include="..\external\imgui\src\imgui.cpp">
      <Filter>shared\libraries\imgui</Filter>
    </ClCompile>
    <ClCompile Include="..\external\imgui\src\imgui_demo.cpp">
      <Filter>shared\libraries\imgui</Filter>
    </ClCompile>
    <ClCompile Include="..\external\imgui\src\imgui_draw.cpp">
      <Filter>shared\libraries\imgui</Filter>
    </ClCompile>
    <ClCompile Include="..\external\imgui\src\imgui_impl_dx11.cpp">
      <Filter>shared\libraries\imgui</Filter>
    </ClCompile>
    <ClCompile Include="..\external\imgui\src\imgui_impl_win32.cpp">
      <Filter>shared\libraries\imgui</Filter>
    </ClCompile>
    <ClCompile Include="..\external\imgui\src\imgui_tables.cpp">
      <Filter>shared\libraries\imgui</Filter>
    </ClCompile>
    <ClCompile Include="EbisuSDK.cpp">
      <Filter>sdk\ebisu</Filter>
    </ClCompile>
    <ClCompile Include="IApplication.cpp">
      <Filter>sdk\launcher\CSourceAppSystemGroup</Filter>
    </ClCompile>
    <ClCompile Include="QHull.cpp">
      <Filter>sdk\qhull</Filter>
    </ClCompile>
    <ClCompile Include="sys_utils.cpp">
      <Filter>sdk\system</Filter>
    </ClCompile>
    <ClCompile Include="CGameConsole.cpp">
      <Filter>overlay</Filter>
    </ClCompile>
    <ClCompile Include="CHLClient.cpp">
      <Filter>sdk\client\CHLClient</Filter>
    </ClCompile>
    <ClCompile Include="..\external\imgui\src\imgui_utility.cpp">
      <Filter>shared\libraries\imgui</Filter>
    </ClCompile>
    <ClCompile Include="CServerBrowser.cpp">
      <Filter>overlay</Filter>
    </ClCompile>
    <ClCompile Include="..\external\imgui\src\imgui_stdlib.cpp">
      <Filter>shared\libraries\imgui</Filter>
    </ClCompile>
    <ClCompile Include="CInputSystem.cpp">
      <Filter>sdk\engine\CInputSystem</Filter>
    </ClCompile>
    <ClCompile Include="CKeyValuesSystem.cpp">
      <Filter>sdk\engine\CKeyValuessystem</Filter>
    </ClCompile>
    <ClCompile Include="CHostState.cpp">
      <Filter>sdk\engine\CHostState</Filter>
    </ClCompile>
    <ClCompile Include="CClient.cpp">
      <Filter>sdk\client\CClient</Filter>
    </ClCompile>
    <ClCompile Include="ConCommandCallback.cpp">
      <Filter>sdk\engine\ConCommand</Filter>
    </ClCompile>
    <ClCompile Include="IVEngineClient.cpp">
      <Filter>sdk\public\IVEngineClient</Filter>
    </ClCompile>
    <ClCompile Include="..\shared\bansystem.cpp">
      <Filter>shared</Filter>
    </ClCompile>
    <ClCompile Include="basefilesystem.cpp">
      <Filter>sdk\vpc\CBaseFileSystem</Filter>
    </ClCompile>
    <ClCompile Include="rtech.cpp">
      <Filter>sdk\rtech</Filter>
    </ClCompile>
    <ClCompile Include="sys_dll.cpp">
      <Filter>sdk\system</Filter>
    </ClCompile>
    <ClCompile Include="classes.cpp">
      <Filter>core</Filter>
    </ClCompile>
    <ClCompile Include="CBaseClient.cpp">
      <Filter>sdk\client\CBaseClient</Filter>
    </ClCompile>
    <ClCompile Include="sqapi.cpp">
      <Filter>sdk\squirrel</Filter>
    </ClCompile>
    <ClCompile Include="IConVarCallback.cpp">
      <Filter>sdk\engine\IConVar</Filter>
    </ClCompile>
    <ClCompile Include="..\shared\serverlisting.cpp">
      <Filter>shared</Filter>
    </ClCompile>
    <ClCompile Include="hooks.cpp">
      <Filter>sdk</Filter>
    </ClCompile>
    <ClCompile Include="opcptc.cpp">
      <Filter>sdk</Filter>
    </ClCompile>
    <ClCompile Include="baseclientstate.cpp">
      <Filter>sdk\client\CClientState</Filter>
    </ClCompile>
    <ClCompile Include="cvar.cpp">
      <Filter>sdk\engine\IConVar</Filter>
    </ClCompile>
    <ClCompile Include="IAppSystem.cpp">
      <Filter>sdk\launcher</Filter>
    </ClCompile>
    <ClCompile Include="CEngineVGui.cpp">
      <Filter>sdk\vgui</Filter>
    </ClCompile>
    <ClCompile Include="CMatSystemSurface.cpp">
      <Filter>sdk\vgui</Filter>
    </ClCompile>
    <ClCompile Include="vgui_fpspanel.cpp">
      <Filter>sdk\vgui</Filter>
    </ClCompile>
    <ClCompile Include="stryder.cpp">
      <Filter>sdk\stryder</Filter>
    </ClCompile>
  </ItemGroup>
  <ItemGroup>
    <ClInclude Include="..\external\detours\include\detours.h">
      <Filter>shared\libraries\detours\include</Filter>
    </ClInclude>
    <ClInclude Include="..\external\detours\include\detver.h">
      <Filter>shared\libraries\detours\include</Filter>
    </ClInclude>
    <ClInclude Include="..\external\detours\include\syelog.h">
      <Filter>shared\libraries\detours\include</Filter>
    </ClInclude>
    <ClInclude Include="..\external\imgui\include\imgui_internal.h">
      <Filter>shared\libraries\imgui\include</Filter>
    </ClInclude>
    <ClInclude Include="..\external\imgui\include\imstb_rectpack.h">
      <Filter>shared\libraries\imgui\include</Filter>
    </ClInclude>
    <ClInclude Include="..\external\imgui\include\imstb_textedit.h">
      <Filter>shared\libraries\imgui\include</Filter>
    </ClInclude>
    <ClInclude Include="..\external\imgui\include\imstb_truetype.h">
      <Filter>shared\libraries\imgui\include</Filter>
    </ClInclude>
    <ClInclude Include="..\external\imgui\include\imconfig.h">
      <Filter>shared\libraries\imgui\include</Filter>
    </ClInclude>
    <ClInclude Include="..\external\imgui\include\imgui.h">
      <Filter>shared\libraries\imgui\include</Filter>
    </ClInclude>
    <ClInclude Include="..\external\imgui\include\imgui_impl_dx11.h">
      <Filter>shared\libraries\imgui\include</Filter>
    </ClInclude>
    <ClInclude Include="..\external\imgui\include\imgui_impl_win32.h">
      <Filter>shared\libraries\imgui\include</Filter>
    </ClInclude>
    <ClInclude Include="..\external\spdlog\include\formatter.h">
      <Filter>shared\libraries\spdlLog\include</Filter>
    </ClInclude>
    <ClInclude Include="..\external\spdlog\include\fwd.h">
      <Filter>shared\libraries\spdlLog\include</Filter>
    </ClInclude>
    <ClInclude Include="..\external\spdlog\include\logger.h">
      <Filter>shared\libraries\spdlLog\include</Filter>
    </ClInclude>
    <ClInclude Include="..\external\spdlog\include\logger-inl.h">
      <Filter>shared\libraries\spdlLog\include</Filter>
    </ClInclude>
    <ClInclude Include="..\external\spdlog\include\pattern_formatter.h">
      <Filter>shared\libraries\spdlLog\include</Filter>
    </ClInclude>
    <ClInclude Include="..\external\spdlog\include\pattern_formatter-inl.h">
      <Filter>shared\libraries\spdlLog\include</Filter>
    </ClInclude>
    <ClInclude Include="..\external\spdlog\include\spdlog.h">
      <Filter>shared\libraries\spdlLog\include</Filter>
    </ClInclude>
    <ClInclude Include="..\external\spdlog\include\spdlog-inl.h">
      <Filter>shared\libraries\spdlLog\include</Filter>
    </ClInclude>
    <ClInclude Include="..\external\spdlog\include\stopwatch.h">
      <Filter>shared\libraries\spdlLog\include</Filter>
    </ClInclude>
    <ClInclude Include="..\external\spdlog\include\tweakme.h">
      <Filter>shared\libraries\spdlLog\include</Filter>
    </ClInclude>
    <ClInclude Include="..\external\spdlog\include\version.h">
      <Filter>shared\libraries\spdlLog\include</Filter>
    </ClInclude>
    <ClInclude Include="..\external\spdlog\include\async.h">
      <Filter>shared\libraries\spdlLog\include</Filter>
    </ClInclude>
    <ClInclude Include="..\external\spdlog\include\async_logger.h">
      <Filter>shared\libraries\spdlLog\include</Filter>
    </ClInclude>
    <ClInclude Include="..\external\spdlog\include\async_logger-inl.h">
      <Filter>shared\libraries\spdlLog\include</Filter>
    </ClInclude>
    <ClInclude Include="..\external\spdlog\include\common.h">
      <Filter>shared\libraries\spdlLog\include</Filter>
    </ClInclude>
    <ClInclude Include="..\external\spdlog\include\common-inl.h">
      <Filter>shared\libraries\spdlLog\include</Filter>
    </ClInclude>
    <ClInclude Include="..\external\spdlog\include\cfg\env.h">
      <Filter>shared\libraries\spdlLog\include\cfg</Filter>
    </ClInclude>
    <ClInclude Include="..\external\spdlog\include\cfg\helpers.h">
      <Filter>shared\libraries\spdlLog\include\cfg</Filter>
    </ClInclude>
    <ClInclude Include="..\external\spdlog\include\cfg\helpers-inl.h">
      <Filter>shared\libraries\spdlLog\include\cfg</Filter>
    </ClInclude>
    <ClInclude Include="..\external\spdlog\include\cfg\argv.h">
      <Filter>shared\libraries\spdlLog\include\cfg</Filter>
    </ClInclude>
    <ClInclude Include="..\external\spdlog\include\details\console_globals.h">
      <Filter>shared\libraries\spdlLog\include\details</Filter>
    </ClInclude>
    <ClInclude Include="..\external\spdlog\include\details\file_helper.h">
      <Filter>shared\libraries\spdlLog\include\details</Filter>
    </ClInclude>
    <ClInclude Include="..\external\spdlog\include\details\file_helper-inl.h">
      <Filter>shared\libraries\spdlLog\include\details</Filter>
    </ClInclude>
    <ClInclude Include="..\external\spdlog\include\details\fmt_helper.h">
      <Filter>shared\libraries\spdlLog\include\details</Filter>
    </ClInclude>
    <ClInclude Include="..\external\spdlog\include\details\log_msg.h">
      <Filter>shared\libraries\spdlLog\include\details</Filter>
    </ClInclude>
    <ClInclude Include="..\external\spdlog\include\details\log_msg_buffer.h">
      <Filter>shared\libraries\spdlLog\include\details</Filter>
    </ClInclude>
    <ClInclude Include="..\external\spdlog\include\details\log_msg_buffer-inl.h">
      <Filter>shared\libraries\spdlLog\include\details</Filter>
    </ClInclude>
    <ClInclude Include="..\external\spdlog\include\details\log_msg-inl.h">
      <Filter>shared\libraries\spdlLog\include\details</Filter>
    </ClInclude>
    <ClInclude Include="..\external\spdlog\include\details\mpmc_blocking_q.h">
      <Filter>shared\libraries\spdlLog\include\details</Filter>
    </ClInclude>
    <ClInclude Include="..\external\spdlog\include\details\null_mutex.h">
      <Filter>shared\libraries\spdlLog\include\details</Filter>
    </ClInclude>
    <ClInclude Include="..\external\spdlog\include\details\os.h">
      <Filter>shared\libraries\spdlLog\include\details</Filter>
    </ClInclude>
    <ClInclude Include="..\external\spdlog\include\details\os-inl.h">
      <Filter>shared\libraries\spdlLog\include\details</Filter>
    </ClInclude>
    <ClInclude Include="..\external\spdlog\include\details\periodic_worker.h">
      <Filter>shared\libraries\spdlLog\include\details</Filter>
    </ClInclude>
    <ClInclude Include="..\external\spdlog\include\details\periodic_worker-inl.h">
      <Filter>shared\libraries\spdlLog\include\details</Filter>
    </ClInclude>
    <ClInclude Include="..\external\spdlog\include\details\registry.h">
      <Filter>shared\libraries\spdlLog\include\details</Filter>
    </ClInclude>
    <ClInclude Include="..\external\spdlog\include\details\registry-inl.h">
      <Filter>shared\libraries\spdlLog\include\details</Filter>
    </ClInclude>
    <ClInclude Include="..\external\spdlog\include\details\synchronous_factory.h">
      <Filter>shared\libraries\spdlLog\include\details</Filter>
    </ClInclude>
    <ClInclude Include="..\external\spdlog\include\details\tcp_client.h">
      <Filter>shared\libraries\spdlLog\include\details</Filter>
    </ClInclude>
    <ClInclude Include="..\external\spdlog\include\details\tcp_client-windows.h">
      <Filter>shared\libraries\spdlLog\include\details</Filter>
    </ClInclude>
    <ClInclude Include="..\external\spdlog\include\details\thread_pool.h">
      <Filter>shared\libraries\spdlLog\include\details</Filter>
    </ClInclude>
    <ClInclude Include="..\external\spdlog\include\details\thread_pool-inl.h">
      <Filter>shared\libraries\spdlLog\include\details</Filter>
    </ClInclude>
    <ClInclude Include="..\external\spdlog\include\details\windows_include.h">
      <Filter>shared\libraries\spdlLog\include\details</Filter>
    </ClInclude>
    <ClInclude Include="..\external\spdlog\include\details\backtracer.h">
      <Filter>shared\libraries\spdlLog\include\details</Filter>
    </ClInclude>
    <ClInclude Include="..\external\spdlog\include\details\backtracer-inl.h">
      <Filter>shared\libraries\spdlLog\include\details</Filter>
    </ClInclude>
    <ClInclude Include="..\external\spdlog\include\details\circular_q.h">
      <Filter>shared\libraries\spdlLog\include\details</Filter>
    </ClInclude>
    <ClInclude Include="..\external\spdlog\include\fmt\chrono.h">
      <Filter>shared\libraries\spdlLog\include\fmt</Filter>
    </ClInclude>
    <ClInclude Include="..\external\spdlog\include\fmt\fmt.h">
      <Filter>shared\libraries\spdlLog\include\fmt</Filter>
    </ClInclude>
    <ClInclude Include="..\external\spdlog\include\fmt\ostr.h">
      <Filter>shared\libraries\spdlLog\include\fmt</Filter>
    </ClInclude>
    <ClInclude Include="..\external\spdlog\include\fmt\xchar.h">
      <Filter>shared\libraries\spdlLog\include\fmt</Filter>
    </ClInclude>
    <ClInclude Include="..\external\spdlog\include\fmt\bin_to_hex.h">
      <Filter>shared\libraries\spdlLog\include\fmt</Filter>
    </ClInclude>
    <ClInclude Include="..\external\spdlog\include\fmt\bundled\compile.h">
      <Filter>shared\libraries\spdlLog\include\fmt\bundled</Filter>
    </ClInclude>
    <ClInclude Include="..\external\spdlog\include\fmt\bundled\core.h">
      <Filter>shared\libraries\spdlLog\include\fmt\bundled</Filter>
    </ClInclude>
    <ClInclude Include="..\external\spdlog\include\fmt\bundled\format.h">
      <Filter>shared\libraries\spdlLog\include\fmt\bundled</Filter>
    </ClInclude>
    <ClInclude Include="..\external\spdlog\include\fmt\bundled\format-inl.h">
      <Filter>shared\libraries\spdlLog\include\fmt\bundled</Filter>
    </ClInclude>
    <ClInclude Include="..\external\spdlog\include\fmt\bundled\locale.h">
      <Filter>shared\libraries\spdlLog\include\fmt\bundled</Filter>
    </ClInclude>
    <ClInclude Include="..\external\spdlog\include\fmt\bundled\os.h">
      <Filter>shared\libraries\spdlLog\include\fmt\bundled</Filter>
    </ClInclude>
    <ClInclude Include="..\external\spdlog\include\fmt\bundled\ostream.h">
      <Filter>shared\libraries\spdlLog\include\fmt\bundled</Filter>
    </ClInclude>
    <ClInclude Include="..\external\spdlog\include\fmt\bundled\printf.h">
      <Filter>shared\libraries\spdlLog\include\fmt\bundled</Filter>
    </ClInclude>
    <ClInclude Include="..\external\spdlog\include\fmt\bundled\ranges.h">
      <Filter>shared\libraries\spdlLog\include\fmt\bundled</Filter>
    </ClInclude>
    <ClInclude Include="..\external\spdlog\include\fmt\bundled\xchar.h">
      <Filter>shared\libraries\spdlLog\include\fmt\bundled</Filter>
    </ClInclude>
    <ClInclude Include="..\external\spdlog\include\fmt\bundled\args.h">
      <Filter>shared\libraries\spdlLog\include\fmt\bundled</Filter>
    </ClInclude>
    <ClInclude Include="..\external\spdlog\include\fmt\bundled\chrono.h">
      <Filter>shared\libraries\spdlLog\include\fmt\bundled</Filter>
    </ClInclude>
    <ClInclude Include="..\external\spdlog\include\fmt\bundled\color.h">
      <Filter>shared\libraries\spdlLog\include\fmt\bundled</Filter>
    </ClInclude>
    <ClInclude Include="..\external\spdlog\include\sinks\basic_file_sink.h">
      <Filter>shared\libraries\spdlLog\include\sinks</Filter>
    </ClInclude>
    <ClInclude Include="..\external\spdlog\include\sinks\basic_file_sink-inl.h">
      <Filter>shared\libraries\spdlLog\include\sinks</Filter>
    </ClInclude>
    <ClInclude Include="..\external\spdlog\include\sinks\daily_file_sink.h">
      <Filter>shared\libraries\spdlLog\include\sinks</Filter>
    </ClInclude>
    <ClInclude Include="..\external\spdlog\include\sinks\dist_sink.h">
      <Filter>shared\libraries\spdlLog\include\sinks</Filter>
    </ClInclude>
    <ClInclude Include="..\external\spdlog\include\sinks\dup_filter_sink.h">
      <Filter>shared\libraries\spdlLog\include\sinks</Filter>
    </ClInclude>
    <ClInclude Include="..\external\spdlog\include\sinks\hourly_file_sink.h">
      <Filter>shared\libraries\spdlLog\include\sinks</Filter>
    </ClInclude>
    <ClInclude Include="..\external\spdlog\include\sinks\mongo_sink.h">
      <Filter>shared\libraries\spdlLog\include\sinks</Filter>
    </ClInclude>
    <ClInclude Include="..\external\spdlog\include\sinks\msvc_sink.h">
      <Filter>shared\libraries\spdlLog\include\sinks</Filter>
    </ClInclude>
    <ClInclude Include="..\external\spdlog\include\sinks\null_sink.h">
      <Filter>shared\libraries\spdlLog\include\sinks</Filter>
    </ClInclude>
    <ClInclude Include="..\external\spdlog\include\sinks\ostream_sink.h">
      <Filter>shared\libraries\spdlLog\include\sinks</Filter>
    </ClInclude>
    <ClInclude Include="..\external\spdlog\include\sinks\qt_sinks.h">
      <Filter>shared\libraries\spdlLog\include\sinks</Filter>
    </ClInclude>
    <ClInclude Include="..\external\spdlog\include\sinks\ringbuffer_sink.h">
      <Filter>shared\libraries\spdlLog\include\sinks</Filter>
    </ClInclude>
    <ClInclude Include="..\external\spdlog\include\sinks\rotating_file_sink.h">
      <Filter>shared\libraries\spdlLog\include\sinks</Filter>
    </ClInclude>
    <ClInclude Include="..\external\spdlog\include\sinks\rotating_file_sink-inl.h">
      <Filter>shared\libraries\spdlLog\include\sinks</Filter>
    </ClInclude>
    <ClInclude Include="..\external\spdlog\include\sinks\sink.h">
      <Filter>shared\libraries\spdlLog\include\sinks</Filter>
    </ClInclude>
    <ClInclude Include="..\external\spdlog\include\sinks\sink-inl.h">
      <Filter>shared\libraries\spdlLog\include\sinks</Filter>
    </ClInclude>
    <ClInclude Include="..\external\spdlog\include\sinks\stdout_color_sinks.h">
      <Filter>shared\libraries\spdlLog\include\sinks</Filter>
    </ClInclude>
    <ClInclude Include="..\external\spdlog\include\sinks\stdout_color_sinks-inl.h">
      <Filter>shared\libraries\spdlLog\include\sinks</Filter>
    </ClInclude>
    <ClInclude Include="..\external\spdlog\include\sinks\stdout_sinks.h">
      <Filter>shared\libraries\spdlLog\include\sinks</Filter>
    </ClInclude>
    <ClInclude Include="..\external\spdlog\include\sinks\stdout_sinks-inl.h">
      <Filter>shared\libraries\spdlLog\include\sinks</Filter>
    </ClInclude>
    <ClInclude Include="..\external\spdlog\include\sinks\syslog_sink.h">
      <Filter>shared\libraries\spdlLog\include\sinks</Filter>
    </ClInclude>
    <ClInclude Include="..\external\spdlog\include\sinks\systemd_sink.h">
      <Filter>shared\libraries\spdlLog\include\sinks</Filter>
    </ClInclude>
    <ClInclude Include="..\external\spdlog\include\sinks\tcp_sink.h">
      <Filter>shared\libraries\spdlLog\include\sinks</Filter>
    </ClInclude>
    <ClInclude Include="..\external\spdlog\include\sinks\win_eventlog_sink.h">
      <Filter>shared\libraries\spdlLog\include\sinks</Filter>
    </ClInclude>
    <ClInclude Include="..\external\spdlog\include\sinks\wincolor_sink.h">
      <Filter>shared\libraries\spdlLog\include\sinks</Filter>
    </ClInclude>
    <ClInclude Include="..\external\spdlog\include\sinks\wincolor_sink-inl.h">
      <Filter>shared\libraries\spdlLog\include\sinks</Filter>
    </ClInclude>
    <ClInclude Include="..\external\spdlog\include\sinks\android_sink.h">
      <Filter>shared\libraries\spdlLog\include\sinks</Filter>
    </ClInclude>
    <ClInclude Include="..\external\spdlog\include\sinks\ansicolor_sink.h">
      <Filter>shared\libraries\spdlLog\include\sinks</Filter>
    </ClInclude>
    <ClInclude Include="..\external\spdlog\include\sinks\ansicolor_sink-inl.h">
      <Filter>shared\libraries\spdlLog\include\sinks</Filter>
    </ClInclude>
    <ClInclude Include="..\external\spdlog\include\sinks\base_sink.h">
      <Filter>shared\libraries\spdlLog\include\sinks</Filter>
    </ClInclude>
    <ClInclude Include="..\external\spdlog\include\sinks\base_sink-inl.h">
      <Filter>shared\libraries\spdlLog\include\sinks</Filter>
    </ClInclude>
    <ClInclude Include="..\shared\include\utility.h">
      <Filter>shared\include</Filter>
    </ClInclude>
    <ClInclude Include="ConCommand.h">
      <Filter>sdk\engine\ConCommand</Filter>
    </ClInclude>
    <ClInclude Include="console.h">
      <Filter>core\include</Filter>
    </ClInclude>
    <ClInclude Include="IConVar.h">
      <Filter>sdk\engine\IConVar</Filter>
    </ClInclude>
    <ClInclude Include="IVEngineServer.h">
      <Filter>sdk\public\IVEngineServer</Filter>
    </ClInclude>
    <ClInclude Include="CNetChan.h">
      <Filter>sdk\engine\CNetChan</Filter>
    </ClInclude>
    <ClInclude Include="sqvm.h">
      <Filter>sdk\squirrel</Filter>
    </ClInclude>
    <ClInclude Include="stdafx.h">
      <Filter>core\include</Filter>
    </ClInclude>
    <ClInclude Include="rtech.h">
      <Filter>sdk\rtech</Filter>
    </ClInclude>
    <ClInclude Include="r5dev.h">
      <Filter>core\include</Filter>
    </ClInclude>
    <ClInclude Include="input.h">
      <Filter>sdk\winapi</Filter>
    </ClInclude>
    <ClInclude Include="EbisuSDK.h">
      <Filter>sdk\ebisu</Filter>
    </ClInclude>
    <ClInclude Include="IApplication.h">
      <Filter>sdk\launcher\CSourceAppSystemGroup</Filter>
    </ClInclude>
    <ClInclude Include="QHull.h">
      <Filter>sdk\qhull</Filter>
    </ClInclude>
    <ClInclude Include="sys_utils.h">
      <Filter>sdk\system</Filter>
    </ClInclude>
    <ClInclude Include="CGameConsole.h">
      <Filter>overlay\include</Filter>
    </ClInclude>
    <ClInclude Include="CHLClient.h">
      <Filter>sdk\client\CHLClient</Filter>
    </ClInclude>
    <ClInclude Include="..\external\imgui\include\imgui_utility.h">
      <Filter>shared\libraries\imgui\include</Filter>
    </ClInclude>
    <ClInclude Include="CServerBrowser.h">
      <Filter>overlay\include</Filter>
    </ClInclude>
    <ClInclude Include="..\shared\include\httplib.h">
      <Filter>shared\include</Filter>
    </ClInclude>
    <ClInclude Include="..\shared\include\json.hpp">
      <Filter>shared\include</Filter>
    </ClInclude>
    <ClInclude Include="..\external\imgui\include\imgui_stdlib.h">
      <Filter>shared\libraries\imgui\include</Filter>
    </ClInclude>
    <ClInclude Include="id3dx.h">
      <Filter>core\include</Filter>
    </ClInclude>
    <ClInclude Include="..\shared\include\bansystem.h">
      <Filter>shared\include</Filter>
    </ClInclude>
    <ClInclude Include="..\shared\include\address.h">
      <Filter>shared\include</Filter>
    </ClInclude>
    <ClInclude Include="CInputSystem.h">
      <Filter>sdk\engine\CInputSystem</Filter>
    </ClInclude>
    <ClInclude Include="CKeyValuesSystem.h">
      <Filter>sdk\engine\CKeyValuessystem</Filter>
    </ClInclude>
    <ClInclude Include="CHostState.h">
      <Filter>sdk\engine\CHostState</Filter>
    </ClInclude>
    <ClInclude Include="CClient.h">
      <Filter>sdk\client\CClient</Filter>
    </ClInclude>
    <ClInclude Include="ConCommandCallback.h">
      <Filter>sdk\engine\ConCommand</Filter>
    </ClInclude>
    <ClInclude Include="IVEngineClient.h">
      <Filter>sdk\public\IVEngineClient</Filter>
    </ClInclude>
    <ClInclude Include="protocol.h">
      <Filter>sdk\public\Common</Filter>
    </ClInclude>
    <ClInclude Include="basetypes.h">
      <Filter>sdk\public\Common</Filter>
    </ClInclude>
    <ClInclude Include="basefilesystem.h">
      <Filter>sdk\vpc\CBaseFileSystem</Filter>
    </ClInclude>
    <ClInclude Include="mathlib.h">
      <Filter>sdk\public\Common</Filter>
    </ClInclude>
    <ClInclude Include="interfaces.h">
      <Filter>sdk\public\Common</Filter>
    </ClInclude>
    <ClInclude Include="logdef.h">
      <Filter>core\include</Filter>
    </ClInclude>
    <ClInclude Include="sys_dll.h">
      <Filter>sdk\system</Filter>
    </ClInclude>
    <ClInclude Include="classes.h">
      <Filter>core\include</Filter>
    </ClInclude>
    <ClInclude Include="CBaseClient.h">
      <Filter>sdk\client\CBaseClient</Filter>
    </ClInclude>
    <ClInclude Include="sqapi.h">
      <Filter>sdk\squirrel</Filter>
    </ClInclude>
    <ClInclude Include="IConVarCallback.h">
      <Filter>sdk\engine\IConVar</Filter>
    </ClInclude>
    <ClInclude Include="ButtonCode.h">
      <Filter>sdk\public\Common</Filter>
    </ClInclude>
    <ClInclude Include="vgui.h">
      <Filter>sdk\vgui</Filter>
    </ClInclude>
    <ClInclude Include="..\shared\include\serverlisting.h">
      <Filter>shared\include</Filter>
    </ClInclude>
    <ClInclude Include="hooks.h">
      <Filter>sdk</Filter>
    </ClInclude>
    <ClInclude Include="opcptc.h">
      <Filter>sdk</Filter>
    </ClInclude>
    <ClInclude Include="baseclientstate.h">
      <Filter>sdk\client\CClientState</Filter>
    </ClInclude>
    <ClInclude Include="cvar.h">
      <Filter>sdk\engine\IConVar</Filter>
    </ClInclude>
    <ClInclude Include="IAppSystem.h">
      <Filter>sdk\launcher</Filter>
    </ClInclude>
    <ClInclude Include="CEngineVGui.h">
      <Filter>sdk\vgui</Filter>
    </ClInclude>
    <ClInclude Include="CMatSystemSurface.h">
      <Filter>sdk\vgui</Filter>
    </ClInclude>
    <ClInclude Include="vgui_fpspanel.h">
      <Filter>sdk\vgui</Filter>
    </ClInclude>
    <ClInclude Include="stryder.h">
      <Filter>sdk\stryder</Filter>
    </ClInclude>
  </ItemGroup>
  <ItemGroup>
    <None Include="r5dev.def">
      <Filter>core\include\resource</Filter>
    </None>
    <None Include="cpp.hint">
      <Filter>core\include\resource</Filter>
    </None>
  </ItemGroup>
</Project>